{
  "name": "vocabs",
  "lockfileVersion": 3,
  "requires": true,
  "packages": {
    "": {
      "dependencies": {
        "tailwind-merge": "^2.5.4"
      }
    },
    "node_modules/tailwind-merge": {
      "version": "2.5.4",
      "resolved": "https://registry.npmjs.org/tailwind-merge/-/tailwind-merge-2.5.4.tgz",
      "integrity": "sha512-0q8cfZHMu9nuYP/b5Shb7Y7Sh1B7Nnl5GqNr1U+n2p6+mybvRtayrQ+0042Z5byvTA8ihjlP8Odo8/VnHbZu4Q==",
      "license": "MIT",
      "funding": {
        "type": "github",
        "url": "https://github.com/sponsors/dcastil"
      }
    }
  }
}
